
Microsoft Visual Studio Solution File, Format Version 12.00
# Visual Studio 15
VisualStudioVersion = 15.0.28010.2026
MinimumVisualStudioVersion = 10.0.40219.1
Project("{FAE04EC0-301F-11D3-BF4B-00C04F79EFBC}") = "ClassLib", "ClassLib\ClassLib.csproj", "{FEC16E57-39DF-4F03-B937-E5C911210824}"
EndProject
Project("{FAE04EC0-301F-11D3-BF4B-00C04F79EFBC}") = "InsertionSort.ver1", "InsertionSort.ver1\InsertionSort.ver1.csproj", "{4C7E6061-7936-46C7-A715-E27B4077C9A3}"
EndProject
Project("{FAE04EC0-301F-11D3-BF4B-00C04F79EFBC}") = "InsertionSort.ver2", "InsertionSort.ver2\InsertionSort.ver2.csproj", "{7597FEA6-93CE-4692-A4BB-A78152C6A16B}"
EndProject
Global
	GlobalSection(SolutionConfigurationPlatforms) = preSolution
		Debug|Any CPU = Debug|Any CPU
		Release|Any CPU = Release|Any CPU
	EndGlobalSection
	GlobalSection(ProjectConfigurationPlatforms) = postSolution
		{FEC16E57-39DF-4F03-B937-E5C911210824}.Debug|Any CPU.ActiveCfg = Debug|Any CPU
		{FEC16E57-39DF-4F03-B937-E5C911210824}.Debug|Any CPU.Build.0 = Debug|Any CPU
		{FEC16E57-39DF-4F03-B937-E5C911210824}.Release|Any CPU.ActiveCfg = Release|Any CPU
		{FEC16E57-39DF-4F03-B937-E5C911210824}.Release|Any CPU.Build.0 = Release|Any CPU
		{4C7E6061-7936-46C7-A715-E27B4077C9A3}.Debug|Any CPU.ActiveCfg = Debug|Any CPU
		{4C7E6061-7936-46C7-A715-E27B4077C9A3}.Debug|Any CPU.Build.0 = Debug|Any CPU
		{4C7E6061-7936-46C7-A715-E27B4077C9A3}.Release|Any CPU.ActiveCfg = Release|Any CPU
		{4C7E6061-7936-46C7-A715-E27B4077C9A3}.Release|Any CPU.Build.0 = Release|Any CPU
		{7597FEA6-93CE-4692-A4BB-A78152C6A16B}.Debug|Any CPU.ActiveCfg = Debug|Any CPU
		{7597FEA6-93CE-4692-A4BB-A78152C6A16B}.Debug|Any CPU.Build.0 = Debug|Any CPU
		{7597FEA6-93CE-4692-A4BB-A78152C6A16B}.Release|Any CPU.ActiveCfg = Release|Any CPU
		{7597FEA6-93CE-4692-A4BB-A78152C6A16B}.Release|Any CPU.Build.0 = Release|Any CPU
	EndGlobalSection
	GlobalSection(SolutionProperties) = preSolution
		HideSolutionNode = FALSE
	EndGlobalSection
	GlobalSection(ExtensibilityGlobals) = postSolution
		SolutionGuid = {3FB5E285-8ACA-4E7F-B9F5-7B28CB9E385C}
	EndGlobalSection
EndGlobal
